// !$*UTF8*$!
{
	archiveVersion = 1;
	classes = {
	};
	objectVersion = 50;
	objects = {

/* Begin PBXBuildFile section */
		041CEA382624A6FB00823240 /* AppDelegate.swift in Sources */ = {isa = PBXBuildFile; fileRef = 041CEA372624A6FB00823240 /* AppDelegate.swift */; };
		041CEA3A2624A6FB00823240 /* SceneDelegate.swift in Sources */ = {isa = PBXBuildFile; fileRef = 041CEA392624A6FB00823240 /* SceneDelegate.swift */; };
		041CEA3C2624A6FB00823240 /* ViewController.swift in Sources */ = {isa = PBXBuildFile; fileRef = 041CEA3B2624A6FB00823240 /* ViewController.swift */; };
		041CEA3F2624A6FB00823240 /* Main.storyboard in Resources */ = {isa = PBXBuildFile; fileRef = 041CEA3D2624A6FB00823240 /* Main.storyboard */; };
		041CEA412624A6FF00823240 /* Assets.xcassets in Resources */ = {isa = PBXBuildFile; fileRef = 041CEA402624A6FF00823240 /* Assets.xcassets */; };
		041CEA442624A6FF00823240 /* LaunchScreen.storyboard in Resources */ = {isa = PBXBuildFile; fileRef = 041CEA422624A6FF00823240 /* LaunchScreen.storyboard */; };
		041CEA5A2624ACF200823240 /* Alert.swift in Sources */ = {isa = PBXBuildFile; fileRef = 041CEA592624ACF200823240 /* Alert.swift */; };
		041CEA612624B04000823240 /* HomeVC.swift in Sources */ = {isa = PBXBuildFile; fileRef = 041CEA602624B04000823240 /* HomeVC.swift */; };
		041CEA662624B86800823240 /* LoginVC.swift in Sources */ = {isa = PBXBuildFile; fileRef = 041CEA642624B86800823240 /* LoginVC.swift */; };
		041CEA6C2624BB3700823240 /* longVC.swift in Sources */ = {isa = PBXBuildFile; fileRef = 041CEA6B2624BB3700823240 /* longVC.swift */; };
		041CEA702624BC0300823240 /* login.storyboard in Resources */ = {isa = PBXBuildFile; fileRef = 041CEA6F2624BC0300823240 /* login.storyboard */; };
		041CEA732624BD1700823240 /* home.storyboard in Resources */ = {isa = PBXBuildFile; fileRef = 041CEA722624BD1700823240 /* home.storyboard */; };
/* End PBXBuildFile section */

/* Begin PBXFileReference section */
		041CEA342624A6FB00823240 /* AlertAndCustomPopUp.app */ = {isa = PBXFileReference; explicitFileType = wrapper.application; includeInIndex = 0; path = AlertAndCustomPopUp.app; sourceTree = BUILT_PRODUCTS_DIR; };
		041CEA372624A6FB00823240 /* AppDelegate.swift */ = {isa = PBXFileReference; lastKnownFileType = sourcecode.swift; path = AppDelegate.swift; sourceTree = "<group>"; };
		041CEA392624A6FB00823240 /* SceneDelegate.swift */ = {isa = PBXFileReference; lastKnownFileType = sourcecode.swift; path = SceneDelegate.swift; sourceTree = "<group>"; };
		041CEA3B2624A6FB00823240 /* ViewController.swift */ = {isa = PBXFileReference; lastKnownFileType = sourcecode.swift; path = ViewController.swift; sourceTree = "<group>"; };
		041CEA3E2624A6FB00823240 /* Base */ = {isa = PBXFileReference; lastKnownFileType = file.storyboard; name = Base; path = Base.lproj/Main.storyboard; sourceTree = "<group>"; };
		041CEA402624A6FF00823240 /* Assets.xcassets */ = {isa = PBXFileReference; lastKnownFileType = folder.assetcatalog; path = Assets.xcassets; sourceTree = "<group>"; };
		041CEA432624A6FF00823240 /* Base */ = {isa = PBXFileReference; lastKnownFileType = file.storyboard; name = Base; path = Base.lproj/LaunchScreen.storyboard; sourceTree = "<group>"; };
		041CEA452624A6FF00823240 /* Info.plist */ = {isa = PBXFileReference; lastKnownFileType = text.plist.xml; path = Info.plist; sourceTree = "<group>"; };
		041CEA592624ACF200823240 /* Alert.swift */ = {isa = PBXFileReference; lastKnownFileType = sourcecode.swift; path = Alert.swift; sourceTree = "<group>"; };
		041CEA602624B04000823240 /* HomeVC.swift */ = {isa = PBXFileReference; lastKnownFileType = sourcecode.swift; path = HomeVC.swift; sourceTree = "<group>"; };
		041CEA642624B86800823240 /* LoginVC.swift */ = {isa = PBXFileReference; lastKnownFileType = sourcecode.swift; path = LoginVC.swift; sourceTree = "<group>"; };
		041CEA6B2624BB3700823240 /* longVC.swift */ = {isa = PBXFileReference; lastKnownFileType = sourcecode.swift; path = longVC.swift; sourceTree = "<group>"; };
		041CEA6F2624BC0300823240 /* login.storyboard */ = {isa = PBXFileReference; lastKnownFileType = file.storyboard; path = login.storyboard; sourceTree = "<group>"; };
		041CEA722624BD1700823240 /* home.storyboard */ = {isa = PBXFileReference; lastKnownFileType = file.storyboard; path = home.storyboard; sourceTree = "<group>"; };
/* End PBXFileReference section */

/* Begin PBXFrameworksBuildPhase section */
		041CEA312624A6FB00823240 /* Frameworks */ = {
			isa = PBXFrameworksBuildPhase;
			buildActionMask = 2147483647;
			files = (
			);
			runOnlyForDeploymentPostprocessing = 0;
		};
/* End PBXFrameworksBuildPhase section */

/* Begin PBXGroup section */
		041CEA2B2624A6FB00823240 = {
			isa = PBXGroup;
			children = (
				041CEA362624A6FB00823240 /* AlertAndCustomPopUp */,
				041CEA352624A6FB00823240 /* Products */,
			);
			sourceTree = "<group>";
		};
		041CEA352624A6FB00823240 /* Products */ = {
			isa = PBXGroup;
			children = (
				041CEA342624A6FB00823240 /* AlertAndCustomPopUp.app */,
			);
			name = Products;
			sourceTree = "<group>";
		};
		041CEA362624A6FB00823240 /* AlertAndCustomPopUp */ = {
			isa = PBXGroup;
			children = (
				041CEA372624A6FB00823240 /* AppDelegate.swift */,
				041CEA392624A6FB00823240 /* SceneDelegate.swift */,
				041CEA3B2624A6FB00823240 /* ViewController.swift */,
				041CEA6A2624BB1600823240 /* long */,
				041CEA4F2624A8B400823240 /* login */,
				041CEA5F2624B02900823240 /* Home */,
				041CEA3D2624A6FB00823240 /* Main.storyboard */,
				041CEA402624A6FF00823240 /* Assets.xcassets */,
				041CEA422624A6FF00823240 /* LaunchScreen.storyboard */,
				041CEA452624A6FF00823240 /* Info.plist */,
			);
			path = AlertAndCustomPopUp;
			sourceTree = "<group>";
		};
		041CEA4F2624A8B400823240 /* login */ = {
			isa = PBXGroup;
			children = (
				041CEA642624B86800823240 /* LoginVC.swift */,
				041CEA6F2624BC0300823240 /* login.storyboard */,
				041CEA592624ACF200823240 /* Alert.swift */,
			);
			name = login;
			sourceTree = "<group>";
		};
		041CEA5F2624B02900823240 /* Home */ = {
			isa = PBXGroup;
			children = (
				041CEA602624B04000823240 /* HomeVC.swift */,
				041CEA722624BD1700823240 /* home.storyboard */,
			);
			path = Home;
			sourceTree = "<group>";
		};
		041CEA6A2624BB1600823240 /* long */ = {
			isa = PBXGroup;
			children = (
				041CEA6B2624BB3700823240 /* longVC.swift */,
			);
			name = long;
			sourceTree = "<group>";
		};
/* End PBXGroup section */

/* Begin PBXNativeTarget section */
		041CEA332624A6FB00823240 /* AlertAndCustomPopUp */ = {
			isa = PBXNativeTarget;
			buildConfigurationList = 041CEA482624A6FF00823240 /* Build configuration list for PBXNativeTarget "AlertAndCustomPopUp" */;
			buildPhases = (
				041CEA302624A6FB00823240 /* Sources */,
				041CEA312624A6FB00823240 /* Frameworks */,
				041CEA322624A6FB00823240 /* Resources */,
			);
			buildRules = (
			);
			dependencies = (
			);
			name = AlertAndCustomPopUp;
			productName = AlertAndCustomPopUp;
			productReference = 041CEA342624A6FB00823240 /* AlertAndCustomPopUp.app */;
			productType = "com.apple.product-type.application";
		};
/* End PBXNativeTarget section */

/* Begin PBXProject section */
		041CEA2C2624A6FB00823240 /* Project object */ = {
			isa = PBXProject;
			attributes = {
				LastSwiftUpdateCheck = 1240;
				LastUpgradeCheck = 1240;
				TargetAttributes = {
					041CEA332624A6FB00823240 = {
						CreatedOnToolsVersion = 12.4;
					};
				};
			};
			buildConfigurationList = 041CEA2F2624A6FB00823240 /* Build configuration list for PBXProject "AlertAndCustomPopUp" */;
			compatibilityVersion = "Xcode 9.3";
			developmentRegion = en;
			hasScannedForEncodings = 0;
			knownRegions = (
				en,
				Base,
			);
			mainGroup = 041CEA2B2624A6FB00823240;
			productRefGroup = 041CEA352624A6FB00823240 /* Products */;
			projectDirPath = "";
			projectRoot = "";
			targets = (
				041CEA332624A6FB00823240 /* AlertAndCustomPopUp */,
			);
		};
/* End PBXProject section */

/* Begin PBXResourcesBuildPhase section */
		041CEA322624A6FB00823240 /* Resources */ = {
			isa = PBXResourcesBuildPhase;
			buildActionMask = 2147483647;
			files = (
				041CEA732624BD1700823240 /* home.storyboard in Resources */,
				041CEA702624BC0300823240 /* login.storyboard in Resources */,
				041CEA442624A6FF00823240 /* LaunchScreen.storyboard in Resources */,
				041CEA412624A6FF00823240 /* Assets.xcassets in Resources */,
				041CEA3F2624A6FB00823240 /* Main.storyboard in Resources */,
			);
			runOnlyForDeploymentPostprocessing = 0;
		};
/* End PBXResourcesBuildPhase section */

/* Begin PBXSourcesBuildPhase section */
		041CEA302624A6FB00823240 /* Sources */ = {
			isa = PBXSourcesBuildPhase;
			buildActionMask = 2147483647;
			files = (
				041CEA3C2624A6FB00823240 /* ViewController.swift in Sources */,
				041CEA382624A6FB00823240 /* AppDelegate.swift in Sources */,
				041CEA662624B86800823240 /* LoginVC.swift in Sources */,
				041CEA6C2624BB3700823240 /* longVC.swift in Sources */,
				041CEA612624B04000823240 /* HomeVC.swift in Sources */,
				041CEA5A2624ACF200823240 /* Alert.swift in Sources */,
				041CEA3A2624A6FB00823240 /* SceneDelegate.swift in Sources */,
			);
			runOnlyForDeploymentPostprocessing = 0;
		};
/* End PBXSourcesBuildPhase section */

/* Begin PBXVariantGroup section */
		041CEA3D2624A6FB00823240 /* Main.storyboard */ = {
			isa = PBXVariantGroup;
			children = (
				041CEA3E2624A6FB00823240 /* Base */,
			);
			name = Main.storyboard;
			sourceTree = "<group>";
		};
		041CEA422624A6FF00823240 /* LaunchScreen.storyboard */ = {
			isa = PBXVariantGroup;
			children = (
				041CEA432624A6FF00823240 /* Base */,
			);
			name = LaunchScreen.storyboard;
			sourceTree = "<group>";
		};
/* End PBXVariantGroup section */

/* Begin XCBuildConfiguration section */
		041CEA462624A6FF00823240 /* Debug */ = {
			isa = XCBuildConfiguration;
			buildSettings = {
				ALWAYS_SEARCH_USER_PATHS = NO;
				CLANG_ANALYZER_NONNULL = YES;
				CLANG_ANALYZER_NUMBER_OBJECT_CONVERSION = YES_AGGRESSIVE;
				CLANG_CXX_LANGUAGE_STANDARD = "gnu++14";
				CLANG_CXX_LIBRARY = "libc++";
				CLANG_ENABLE_MODULES = YES;
				CLANG_ENABLE_OBJC_ARC = YES;
				CLANG_ENABLE_OBJC_WEAK = YES;
				CLANG_WARN_BLOCK_CAPTURE_AUTORELEASING = YES;
				CLANG_WARN_BOOL_CONVERSION = YES;
				CLANG_WARN_COMMA = YES;
				CLANG_WARN_CONSTANT_CONVERSION = YES;
				CLANG_WARN_DEPRECATED_OBJC_IMPLEMENTATIONS = YES;
				CLANG_WARN_DIRECT_OBJC_ISA_USAGE = YES_ERROR;
				CLANG_WARN_DOCUMENTATION_COMMENTS = YES;
				CLANG_WARN_EMPTY_BODY = YES;
				CLANG_WARN_ENUM_CONVERSION = YES;
				CLANG_WARN_INFINITE_RECURSION = YES;
				CLANG_WARN_INT_CONVERSION = YES;
				CLANG_WARN_NON_LITERAL_NULL_CONVERSION = YES;
				CLANG_WARN_OBJC_IMPLICIT_RETAIN_SELF = YES;
				CLANG_WARN_OBJC_LITERAL_CONVERSION = YES;
				CLANG_WARN_OBJC_ROOT_CLASS = YES_ERROR;
				CLANG_WARN_QUOTED_INCLUDE_IN_FRAMEWORK_HEADER = YES;
				CLANG_WARN_RANGE_LOOP_ANALYSIS = YES;
				CLANG_WARN_STRICT_PROTOTYPES = YES;
				CLANG_WARN_SUSPICIOUS_MOVE = YES;
				CLANG_WARN_UNGUARDED_AVAILABILITY = YES_AGGRESSIVE;
				CLANG_WARN_UNREACHABLE_CODE = YES;
				CLANG_WARN__DUPLICATE_METHOD_MATCH = YES;
				COPY_PHASE_STRIP = NO;
				DEBUG_INFORMATION_FORMAT = dwarf;
				ENABLE_STRICT_OBJC_MSGSEND = YES;
				ENABLE_TESTABILITY = YES;
				GCC_C_LANGUAGE_STANDARD = gnu11;
				GCC_DYNAMIC_NO_PIC = NO;
				GCC_NO_COMMON_BLOCKS = YES;
				GCC_OPTIMIZATION_LEVEL = 0;
				GCC_PREPROCESSOR_DEFINITIONS = (
					"DEBUG=1",
					"$(inherited)",
				);
				GCC_WARN_64_TO_32_BIT_CONVERSION = YES;
				GCC_WARN_ABOUT_RETURN_TYPE = YES_ERROR;
				GCC_WARN_UNDECLARED_SELECTOR = YES;
				GCC_WARN_UNINITIALIZED_AUTOS = YES_AGGRESSIVE;
				GCC_WARN_UNUSED_FUNCTION = YES;
				GCC_WARN_UNUSED_VARIABLE = YES;
				IPHONEOS_DEPLOYMENT_TARGET = 14.4;
				MTL_ENABLE_DEBUG_INFO = INCLUDE_SOURCE;
				MTL_FAST_MATH = YES;
				ONLY_ACTIVE_ARCH = YES;
				SDKROOT = iphoneos;
				SWIFT_ACTIVE_COMPILATION_CONDITIONS = DEBUG;
				SWIFT_OPTIMIZATION_LEVEL = "-Onone";
			};
			name = Debug;
		};
		041CEA472624A6FF00823240 /* Release */ = {
			isa = XCBuildConfiguration;
			buildSettings = {
				ALWAYS_SEARCH_USER_PATHS = NO;
				CLANG_ANALYZER_NONNULL = YES;
				CLANG_ANALYZER_NUMBER_OBJECT_CONVERSION = YES_AGGRESSIVE;
				CLANG_CXX_LANGUAGE_STANDARD = "gnu++14";
				CLANG_CXX_LIBRARY = "libc++";
				CLANG_ENABLE_MODULES = YES;
				CLANG_ENABLE_OBJC_ARC = YES;
				CLANG_ENABLE_OBJC_WEAK = YES;
				CLANG_WARN_BLOCK_CAPTURE_AUTORELEASING = YES;
				CLANG_WARN_BOOL_CONVERSION = YES;
				CLANG_WARN_COMMA = YES;
				CLANG_WARN_CONSTANT_CONVERSION = YES;
				CLANG_WARN_DEPRECATED_OBJC_IMPLEMENTATIONS = YES;
				CLANG_WARN_DIRECT_OBJC_ISA_USAGE = YES_ERROR;
				CLANG_WARN_DOCUMENTATION_COMMENTS = YES;
				CLANG_WARN_EMPTY_BODY = YES;
				CLANG_WARN_ENUM_CONVERSION = YES;
				CLANG_WARN_INFINITE_RECURSION = YES;
				CLANG_WARN_INT_CONVERSION = YES;
				CLANG_WARN_NON_LITERAL_NULL_CONVERSION = YES;
				CLANG_WARN_OBJC_IMPLICIT_RETAIN_SELF = YES;
				CLANG_WARN_OBJC_LITERAL_CONVERSION = YES;
				CLANG_WARN_OBJC_ROOT_CLASS = YES_ERROR;
				CLANG_WARN_QUOTED_INCLUDE_IN_FRAMEWORK_HEADER = YES;
				CLANG_WARN_RANGE_LOOP_ANALYSIS = YES;
				CLANG_WARN_STRICT_PROTOTYPES = YES;
				CLANG_WARN_SUSPICIOUS_MOVE = YES;
				CLANG_WARN_UNGUARDED_AVAILABILITY = YES_AGGRESSIVE;
				CLANG_WARN_UNREACHABLE_CODE = YES;
				CLANG_WARN__DUPLICATE_METHOD_MATCH = YES;
				COPY_PHASE_STRIP = NO;
				DEBUG_INFORMATION_FORMAT = "dwarf-with-dsym";
				ENABLE_NS_ASSERTIONS = NO;
				ENABLE_STRICT_OBJC_MSGSEND = YES;
				GCC_C_LANGUAGE_STANDARD = gnu11;
				GCC_NO_COMMON_BLOCKS = YES;
				GCC_WARN_64_TO_32_BIT_CONVERSION = YES;
				GCC_WARN_ABOUT_RETURN_TYPE = YES_ERROR;
				GCC_WARN_UNDECLARED_SELECTOR = YES;
				GCC_WARN_UNINITIALIZED_AUTOS = YES_AGGRESSIVE;
				GCC_WARN_UNUSED_FUNCTION = YES;
				GCC_WARN_UNUSED_VARIABLE = YES;
				IPHONEOS_DEPLOYMENT_TARGET = 14.4;
				MTL_ENABLE_DEBUG_INFO = NO;
				MTL_FAST_MATH = YES;
				SDKROOT = iphoneos;
				SWIFT_COMPILATION_MODE = wholemodule;
				SWIFT_OPTIMIZATION_LEVEL = "-O";
				VALIDATE_PRODUCT = YES;
			};
			name = Release;
		};
		041CEA492624A6FF00823240 /* Debug */ = {
			isa = XCBuildConfiguration;
			buildSettings = {
				ASSETCATALOG_COMPILER_APPICON_NAME = AppIcon;
				ASSETCATALOG_COMPILER_GLOBAL_ACCENT_COLOR_NAME = AccentColor;
				CODE_SIGN_STYLE = Automatic;
				INFOPLIST_FILE = AlertAndCustomPopUp/Info.plist;
				LD_RUNPATH_SEARCH_PATHS = (
					"$(inherited)",
					"@executable_path/Frameworks",
				);
				PRODUCT_BUNDLE_IDENTIFIER = com.Ahmedkamal.AlertAndCustomPopUp;
				PRODUCT_NAME = "$(TARGET_NAME)";
				SWIFT_VERSION = 5.0;
				TARGETED_DEVICE_FAMILY = "1,2";
			};
			name = Debug;
		};
		041CEA4A2624A6FF00823240 /* Release */ = {
			isa = XCBuildConfiguration;
			buildSettings = {
				ASSETCATALOG_COMPILER_APPICON_NAME = AppIcon;
				ASSETCATALOG_COMPILER_GLOBAL_ACCENT_COLOR_NAME = AccentColor;
				CODE_SIGN_STYLE = Automatic;
				INFOPLIST_FILE = AlertAndCustomPopUp/Info.plist;
				LD_RUNPATH_SEARCH_PATHS = (
					"$(inherited)",
					"@executable_path/Frameworks",
				);
				PRODUCT_BUNDLE_IDENTIFIER = com.Ahmedkamal.AlertAndCustomPopUp;
				PRODUCT_NAME = "$(TARGET_NAME)";
				SWIFT_VERSION = 5.0;
				TARGETED_DEVICE_FAMILY = "1,2";
			};
			name = Release;
		};
/* End XCBuildConfiguration section */

/* Begin XCConfigurationList section */
		041CEA2F2624A6FB00823240 /* Build configuration list for PBXProject "AlertAndCustomPopUp" */ = {
			isa = XCConfigurationList;
			buildConfigurations = (
				041CEA462624A6FF00823240 /* Debug */,
				041CEA472624A6FF00823240 /* Release */,
			);
			defaultConfigurationIsVisible = 0;
			defaultConfigurationName = Release;
		};
		041CEA482624A6FF00823240 /* Build configuration list for PBXNativeTarget "AlertAndCustomPopUp" */ = {
			isa = XCConfigurationList;
			buildConfigurations = (
				041CEA492624A6FF00823240 /* Debug */,
				041CEA4A2624A6FF00823240 /* Release */,
			);
			defaultConfigurationIsVisible = 0;
			defaultConfigurationName = Release;
		};
/* End XCConfigurationList section */
	};
	rootObject = 041CEA2C2624A6FB00823240 /* Project object */;
}
